
Microsoft Visual Studio Solution File, Format Version 12.00
# Visual Studio Version 17
VisualStudioVersion = 17.14.36310.24 d17.14
MinimumVisualStudioVersion = 10.0.40219.1
Project("{FAE04EC0-301F-11D3-BF4B-00C04F79EFBC}") = "Looply.MAUI", "Looply.MAUI\Looply.MAUI.csproj", "{DF063FCB-A6BD-41E9-8D54-9BF7A48406CA}"
EndProject
Project("{FAE04EC0-301F-11D3-BF4B-00C04F79EFBC}") = "Looply.Web", "Looply.Web\Looply.Web.csproj", "{94322F35-A9A8-4E88-ACB5-57B4D079C3D9}"
EndProject
Global
	GlobalSection(SolutionConfigurationPlatforms) = preSolution
		Debug|Any CPU = Debug|Any CPU
		Release|Any CPU = Release|Any CPU
	EndGlobalSection
	GlobalSection(ProjectConfigurationPlatforms) = postSolution
		{DF063FCB-A6BD-41E9-8D54-9BF7A48406CA}.Debug|Any CPU.ActiveCfg = Debug|Any CPU
		{DF063FCB-A6BD-41E9-8D54-9BF7A48406CA}.Debug|Any CPU.Build.0 = Debug|Any CPU
		{DF063FCB-A6BD-41E9-8D54-9BF7A48406CA}.Debug|Any CPU.Deploy.0 = Debug|Any CPU
		{DF063FCB-A6BD-41E9-8D54-9BF7A48406CA}.Release|Any CPU.ActiveCfg = Release|Any CPU
		{DF063FCB-A6BD-41E9-8D54-9BF7A48406CA}.Release|Any CPU.Build.0 = Release|Any CPU
		{94322F35-A9A8-4E88-ACB5-57B4D079C3D9}.Debug|Any CPU.ActiveCfg = Debug|Any CPU
		{94322F35-A9A8-4E88-ACB5-57B4D079C3D9}.Debug|Any CPU.Build.0 = Debug|Any CPU
		{94322F35-A9A8-4E88-ACB5-57B4D079C3D9}.Release|Any CPU.ActiveCfg = Release|Any CPU
		{94322F35-A9A8-4E88-ACB5-57B4D079C3D9}.Release|Any CPU.Build.0 = Release|Any CPU
	EndGlobalSection
	GlobalSection(SolutionProperties) = preSolution
		HideSolutionNode = FALSE
	EndGlobalSection
	GlobalSection(ExtensibilityGlobals) = postSolution
		SolutionGuid = {03A80DFF-4557-4698-820A-6E2BFC09ED64}
	EndGlobalSection
EndGlobal
