
Microsoft Visual Studio Solution File, Format Version 12.00
# Visual Studio Version 17
VisualStudioVersion = 17.14.36221.1
MinimumVisualStudioVersion = 10.0.40219.1
Project("{FAE04EC0-301F-11D3-BF4B-00C04F79EFBC}") = "Passkeeper", "Passkeeper\Passkeeper.csproj", "{4B081CA9-C60C-4D45-A70B-F59494833618}"
EndProject
Project("{FAE04EC0-301F-11D3-BF4B-00C04F79EFBC}") = "Passkeeper.Models", "Passkeeper.Models\Passkeeper.Models.csproj", "{B82A4107-28A1-4E09-BC1B-55B3A5CC1F9E}"
EndProject
Project("{FAE04EC0-301F-11D3-BF4B-00C04F79EFBC}") = "PassKeeper.API", "PassKeeper.API\PassKeeper.API.csproj", "{07DFCB60-0D29-4D1B-9BA1-521D252AEBBB}"
EndProject
Global
	GlobalSection(SolutionConfigurationPlatforms) = preSolution
		Debug|Any CPU = Debug|Any CPU
		Release|Any CPU = Release|Any CPU
	EndGlobalSection
	GlobalSection(ProjectConfigurationPlatforms) = postSolution
		{4B081CA9-C60C-4D45-A70B-F59494833618}.Debug|Any CPU.ActiveCfg = Debug|Any CPU
		{4B081CA9-C60C-4D45-A70B-F59494833618}.Debug|Any CPU.Build.0 = Debug|Any CPU
		{4B081CA9-C60C-4D45-A70B-F59494833618}.Debug|Any CPU.Deploy.0 = Debug|Any CPU
		{4B081CA9-C60C-4D45-A70B-F59494833618}.Release|Any CPU.ActiveCfg = Release|Any CPU
		{4B081CA9-C60C-4D45-A70B-F59494833618}.Release|Any CPU.Build.0 = Release|Any CPU
		{B82A4107-28A1-4E09-BC1B-55B3A5CC1F9E}.Debug|Any CPU.ActiveCfg = Debug|Any CPU
		{B82A4107-28A1-4E09-BC1B-55B3A5CC1F9E}.Debug|Any CPU.Build.0 = Debug|Any CPU
		{B82A4107-28A1-4E09-BC1B-55B3A5CC1F9E}.Release|Any CPU.ActiveCfg = Release|Any CPU
		{B82A4107-28A1-4E09-BC1B-55B3A5CC1F9E}.Release|Any CPU.Build.0 = Release|Any CPU
		{07DFCB60-0D29-4D1B-9BA1-521D252AEBBB}.Debug|Any CPU.ActiveCfg = Debug|Any CPU
		{07DFCB60-0D29-4D1B-9BA1-521D252AEBBB}.Debug|Any CPU.Build.0 = Debug|Any CPU
		{07DFCB60-0D29-4D1B-9BA1-521D252AEBBB}.Release|Any CPU.ActiveCfg = Release|Any CPU
		{07DFCB60-0D29-4D1B-9BA1-521D252AEBBB}.Release|Any CPU.Build.0 = Release|Any CPU
	EndGlobalSection
	GlobalSection(SolutionProperties) = preSolution
		HideSolutionNode = FALSE
	EndGlobalSection
	GlobalSection(ExtensibilityGlobals) = postSolution
		SolutionGuid = {61D14959-0813-4544-8868-856352B2F518}
	EndGlobalSection
EndGlobal
